
Microsoft Visual Studio Solution File, Format Version 12.00
# Visual Studio Version 17
VisualStudioVersion = 17.5.002.0
MinimumVisualStudioVersion = 10.0.40219.1
Project("{9A19103F-16F7-4668-BE54-9A1E7A4F7556}") = "DesafioPOO", "DesafioPOO.csproj", "{411C726F-5022-4F54-A4D1-2EFAFDE3F0CD}"
EndProject
Global
	GlobalSection(SolutionConfigurationPlatforms) = preSolution
		Debug|Any CPU = Debug|Any CPU
		Release|Any CPU = Release|Any CPU
	EndGlobalSection
	GlobalSection(ProjectConfigurationPlatforms) = postSolution
		{411C726F-5022-4F54-A4D1-2EFAFDE3F0CD}.Debug|Any CPU.ActiveCfg = Debug|Any CPU
		{411C726F-5022-4F54-A4D1-2EFAFDE3F0CD}.Debug|Any CPU.Build.0 = Debug|Any CPU
		{411C726F-5022-4F54-A4D1-2EFAFDE3F0CD}.Release|Any CPU.ActiveCfg = Release|Any CPU
		{411C726F-5022-4F54-A4D1-2EFAFDE3F0CD}.Release|Any CPU.Build.0 = Release|Any CPU
	EndGlobalSection
	GlobalSection(SolutionProperties) = preSolution
		HideSolutionNode = FALSE
	EndGlobalSection
	GlobalSection(ExtensibilityGlobals) = postSolution
		SolutionGuid = {BB5F23FB-2C47-4926-8BA9-E70CAA015F9D}
	EndGlobalSection
EndGlobal
