
Microsoft Visual Studio Solution File, Format Version 12.00
# Visual Studio Version 17
VisualStudioVersion = 17.5.002.0
MinimumVisualStudioVersion = 10.0.40219.1
Project("{9A19103F-16F7-4668-BE54-9A1E7A4F7556}") = "TrilhaApiDesafio", "TrilhaApiDesafio.csproj", "{30516EBE-7BAB-47D9-8E9F-274B5221BEDD}"
EndProject
Global
	GlobalSection(SolutionConfigurationPlatforms) = preSolution
		Debug|Any CPU = Debug|Any CPU
		Release|Any CPU = Release|Any CPU
	EndGlobalSection
	GlobalSection(ProjectConfigurationPlatforms) = postSolution
		{30516EBE-7BAB-47D9-8E9F-274B5221BEDD}.Debug|Any CPU.ActiveCfg = Debug|Any CPU
		{30516EBE-7BAB-47D9-8E9F-274B5221BEDD}.Debug|Any CPU.Build.0 = Debug|Any CPU
		{30516EBE-7BAB-47D9-8E9F-274B5221BEDD}.Release|Any CPU.ActiveCfg = Release|Any CPU
		{30516EBE-7BAB-47D9-8E9F-274B5221BEDD}.Release|Any CPU.Build.0 = Release|Any CPU
	EndGlobalSection
	GlobalSection(SolutionProperties) = preSolution
		HideSolutionNode = FALSE
	EndGlobalSection
	GlobalSection(ExtensibilityGlobals) = postSolution
		SolutionGuid = {BE93B2FC-1B0A-4797-B4F6-8EECD9E0F6F6}
	EndGlobalSection
EndGlobal
